// !$*UTF8*$!
{
	archiveVersion = 1;
	classes = {
	};
	objectVersion = 51;
	objects = {

/* Begin PBXBuildFile section */
		DB0978C4EB42E5AF70FD7FCE /* Pods_Automobiles_ObjC_.framework in Frameworks */ = {isa = PBXBuildFile; fileRef = C660586DA9A759B0E90B32DF /* Pods_Automobiles_ObjC_.framework */; };
		FA8191E523D795820010ECE4 /* AppDelegate.m in Sources */ = {isa = PBXBuildFile; fileRef = FA8191E423D795820010ECE4 /* AppDelegate.m */; };
		FA8191E823D795820010ECE4 /* SceneDelegate.m in Sources */ = {isa = PBXBuildFile; fileRef = FA8191E723D795820010ECE4 /* SceneDelegate.m */; };
		FA8191EE23D795820010ECE4 /* Main.storyboard in Resources */ = {isa = PBXBuildFile; fileRef = FA8191EC23D795820010ECE4 /* Main.storyboard */; };
		FA8191F023D795840010ECE4 /* Assets.xcassets in Resources */ = {isa = PBXBuildFile; fileRef = FA8191EF23D795840010ECE4 /* Assets.xcassets */; };
		FA8191F323D795840010ECE4 /* LaunchScreen.storyboard in Resources */ = {isa = PBXBuildFile; fileRef = FA8191F123D795840010ECE4 /* LaunchScreen.storyboard */; };
		FA8191F623D795840010ECE4 /* main.m in Sources */ = {isa = PBXBuildFile; fileRef = FA8191F523D795840010ECE4 /* main.m */; };
		FA8191FE23D81AD40010ECE4 /* Brand.m in Sources */ = {isa = PBXBuildFile; fileRef = FA8191FD23D81AD40010ECE4 /* Brand.m */; };
		FA81920523D82E340010ECE4 /* MainViewController.m in Sources */ = {isa = PBXBuildFile; fileRef = FA81920423D82E340010ECE4 /* MainViewController.m */; };
		FA81920823D835FF0010ECE4 /* AutoTableViewCell.m in Sources */ = {isa = PBXBuildFile; fileRef = FA81920723D835FF0010ECE4 /* AutoTableViewCell.m */; };
		FA81920B23D84E930010ECE4 /* Networking.m in Sources */ = {isa = PBXBuildFile; fileRef = FA81920A23D84E930010ECE4 /* Networking.m */; };
		FA81921523D9F38A0010ECE4 /* Car.m in Sources */ = {isa = PBXBuildFile; fileRef = FA81921423D9F38A0010ECE4 /* Car.m */; };
		FA81921823DA0B500010ECE4 /* NSArray+Utils.m in Sources */ = {isa = PBXBuildFile; fileRef = FA81921723DA0B500010ECE4 /* NSArray+Utils.m */; };
		FAACE29023DA37090002B9BB /* CellsHeaderView.m in Sources */ = {isa = PBXBuildFile; fileRef = FAACE28F23DA37090002B9BB /* CellsHeaderView.m */; };
		FAACE29323DA3E2C0002B9BB /* CellsHeaderView.xib in Resources */ = {isa = PBXBuildFile; fileRef = FAACE29223DA3E2C0002B9BB /* CellsHeaderView.xib */; };
/* End PBXBuildFile section */

/* Begin PBXFileReference section */
		0C070B78F10B0BE61122E547 /* Pods-Automobiles(ObjC).release.xcconfig */ = {isa = PBXFileReference; includeInIndex = 1; lastKnownFileType = text.xcconfig; name = "Pods-Automobiles(ObjC).release.xcconfig"; path = "Target Support Files/Pods-Automobiles(ObjC)/Pods-Automobiles(ObjC).release.xcconfig"; sourceTree = "<group>"; };
		748405DC809610953EA5A994 /* Pods-Automobiles(ObjC).debug.xcconfig */ = {isa = PBXFileReference; includeInIndex = 1; lastKnownFileType = text.xcconfig; name = "Pods-Automobiles(ObjC).debug.xcconfig"; path = "Target Support Files/Pods-Automobiles(ObjC)/Pods-Automobiles(ObjC).debug.xcconfig"; sourceTree = "<group>"; };
		C660586DA9A759B0E90B32DF /* Pods_Automobiles_ObjC_.framework */ = {isa = PBXFileReference; explicitFileType = wrapper.framework; includeInIndex = 0; path = Pods_Automobiles_ObjC_.framework; sourceTree = BUILT_PRODUCTS_DIR; };
		FA8191E023D795820010ECE4 /* Automobiles(ObjC).app */ = {isa = PBXFileReference; explicitFileType = wrapper.application; includeInIndex = 0; path = "Automobiles(ObjC).app"; sourceTree = BUILT_PRODUCTS_DIR; };
		FA8191E323D795820010ECE4 /* AppDelegate.h */ = {isa = PBXFileReference; lastKnownFileType = sourcecode.c.h; path = AppDelegate.h; sourceTree = "<group>"; };
		FA8191E423D795820010ECE4 /* AppDelegate.m */ = {isa = PBXFileReference; lastKnownFileType = sourcecode.c.objc; path = AppDelegate.m; sourceTree = "<group>"; };
		FA8191E623D795820010ECE4 /* SceneDelegate.h */ = {isa = PBXFileReference; lastKnownFileType = sourcecode.c.h; path = SceneDelegate.h; sourceTree = "<group>"; };
		FA8191E723D795820010ECE4 /* SceneDelegate.m */ = {isa = PBXFileReference; lastKnownFileType = sourcecode.c.objc; path = SceneDelegate.m; sourceTree = "<group>"; };
		FA8191ED23D795820010ECE4 /* Base */ = {isa = PBXFileReference; lastKnownFileType = file.storyboard; name = Base; path = Base.lproj/Main.storyboard; sourceTree = "<group>"; };
		FA8191EF23D795840010ECE4 /* Assets.xcassets */ = {isa = PBXFileReference; lastKnownFileType = folder.assetcatalog; path = Assets.xcassets; sourceTree = "<group>"; };
		FA8191F223D795840010ECE4 /* Base */ = {isa = PBXFileReference; lastKnownFileType = file.storyboard; name = Base; path = Base.lproj/LaunchScreen.storyboard; sourceTree = "<group>"; };
		FA8191F423D795840010ECE4 /* Info.plist */ = {isa = PBXFileReference; lastKnownFileType = text.plist.xml; path = Info.plist; sourceTree = "<group>"; };
		FA8191F523D795840010ECE4 /* main.m */ = {isa = PBXFileReference; lastKnownFileType = sourcecode.c.objc; path = main.m; sourceTree = "<group>"; };
		FA8191FC23D81AD40010ECE4 /* Brand.h */ = {isa = PBXFileReference; lastKnownFileType = sourcecode.c.h; path = Brand.h; sourceTree = "<group>"; };
		FA8191FD23D81AD40010ECE4 /* Brand.m */ = {isa = PBXFileReference; lastKnownFileType = sourcecode.c.objc; path = Brand.m; sourceTree = "<group>"; };
		FA81920323D82E340010ECE4 /* MainViewController.h */ = {isa = PBXFileReference; lastKnownFileType = sourcecode.c.h; path = MainViewController.h; sourceTree = "<group>"; };
		FA81920423D82E340010ECE4 /* MainViewController.m */ = {isa = PBXFileReference; lastKnownFileType = sourcecode.c.objc; path = MainViewController.m; sourceTree = "<group>"; };
		FA81920623D835FF0010ECE4 /* AutoTableViewCell.h */ = {isa = PBXFileReference; lastKnownFileType = sourcecode.c.h; path = AutoTableViewCell.h; sourceTree = "<group>"; };
		FA81920723D835FF0010ECE4 /* AutoTableViewCell.m */ = {isa = PBXFileReference; lastKnownFileType = sourcecode.c.objc; path = AutoTableViewCell.m; sourceTree = "<group>"; };
		FA81920923D84E930010ECE4 /* Networking.h */ = {isa = PBXFileReference; lastKnownFileType = sourcecode.c.h; path = Networking.h; sourceTree = "<group>"; };
		FA81920A23D84E930010ECE4 /* Networking.m */ = {isa = PBXFileReference; lastKnownFileType = sourcecode.c.objc; path = Networking.m; sourceTree = "<group>"; };
		FA81921123D87D000010ECE4 /* UIViewController+Utils.h */ = {isa = PBXFileReference; lastKnownFileType = sourcecode.c.h; path = "UIViewController+Utils.h"; sourceTree = "<group>"; };
		FA81921223D87D000010ECE4 /* UIViewController+Utils.m */ = {isa = PBXFileReference; lastKnownFileType = sourcecode.c.objc; path = "UIViewController+Utils.m"; sourceTree = "<group>"; };
		FA81921323D9F38A0010ECE4 /* Car.h */ = {isa = PBXFileReference; lastKnownFileType = sourcecode.c.h; path = Car.h; sourceTree = "<group>"; };
		FA81921423D9F38A0010ECE4 /* Car.m */ = {isa = PBXFileReference; lastKnownFileType = sourcecode.c.objc; path = Car.m; sourceTree = "<group>"; };
		FA81921623DA0B500010ECE4 /* NSArray+Utils.h */ = {isa = PBXFileReference; lastKnownFileType = sourcecode.c.h; path = "NSArray+Utils.h"; sourceTree = "<group>"; };
		FA81921723DA0B500010ECE4 /* NSArray+Utils.m */ = {isa = PBXFileReference; lastKnownFileType = sourcecode.c.objc; path = "NSArray+Utils.m"; sourceTree = "<group>"; };
		FAACE28E23DA37090002B9BB /* CellsHeaderView.h */ = {isa = PBXFileReference; lastKnownFileType = sourcecode.c.h; path = CellsHeaderView.h; sourceTree = "<group>"; };
		FAACE28F23DA37090002B9BB /* CellsHeaderView.m */ = {isa = PBXFileReference; lastKnownFileType = sourcecode.c.objc; path = CellsHeaderView.m; sourceTree = "<group>"; };
		FAACE29223DA3E2C0002B9BB /* CellsHeaderView.xib */ = {isa = PBXFileReference; lastKnownFileType = file.xib; path = CellsHeaderView.xib; sourceTree = "<group>"; };
/* End PBXFileReference section */

/* Begin PBXFrameworksBuildPhase section */
		FA8191DD23D795820010ECE4 /* Frameworks */ = {
			isa = PBXFrameworksBuildPhase;
			buildActionMask = 2147483647;
			files = (
				DB0978C4EB42E5AF70FD7FCE /* Pods_Automobiles_ObjC_.framework in Frameworks */,
			);
			runOnlyForDeploymentPostprocessing = 0;
		};
/* End PBXFrameworksBuildPhase section */

/* Begin PBXGroup section */
		167BA9A22CEE78506F39DBD9 /* Pods */ = {
			isa = PBXGroup;
			children = (
				748405DC809610953EA5A994 /* Pods-Automobiles(ObjC).debug.xcconfig */,
				0C070B78F10B0BE61122E547 /* Pods-Automobiles(ObjC).release.xcconfig */,
			);
			path = Pods;
			sourceTree = "<group>";
		};
		B873730A705B0E8D5B289F19 /* Frameworks */ = {
			isa = PBXGroup;
			children = (
				C660586DA9A759B0E90B32DF /* Pods_Automobiles_ObjC_.framework */,
			);
			name = Frameworks;
			sourceTree = "<group>";
		};
		FA8191D723D795820010ECE4 = {
			isa = PBXGroup;
			children = (
				FA8191E223D795820010ECE4 /* Automobiles(ObjC) */,
				FA8191E123D795820010ECE4 /* Products */,
				167BA9A22CEE78506F39DBD9 /* Pods */,
				B873730A705B0E8D5B289F19 /* Frameworks */,
			);
			sourceTree = "<group>";
		};
		FA8191E123D795820010ECE4 /* Products */ = {
			isa = PBXGroup;
			children = (
				FA8191E023D795820010ECE4 /* Automobiles(ObjC).app */,
			);
			name = Products;
			sourceTree = "<group>";
		};
		FA8191E223D795820010ECE4 /* Automobiles(ObjC) */ = {
			isa = PBXGroup;
			children = (
				FA8191E323D795820010ECE4 /* AppDelegate.h */,
				FA8191E423D795820010ECE4 /* AppDelegate.m */,
				FA8191E623D795820010ECE4 /* SceneDelegate.h */,
				FA8191E723D795820010ECE4 /* SceneDelegate.m */,
				FA81920E23D84EB80010ECE4 /* Controller */,
				FA81920F23D84EC00010ECE4 /* Services */,
				FA81920D23D84EAE0010ECE4 /* View */,
				FA8191FF23D8232F0010ECE4 /* Model */,
				FA8191EC23D795820010ECE4 /* Main.storyboard */,
				FA8191EF23D795840010ECE4 /* Assets.xcassets */,
				FA8191F123D795840010ECE4 /* LaunchScreen.storyboard */,
				FA8191F423D795840010ECE4 /* Info.plist */,
				FA8191F523D795840010ECE4 /* main.m */,
				FA81921023D87CF70010ECE4 /* Categories */,
			);
			path = "Automobiles(ObjC)";
			sourceTree = "<group>";
		};
		FA8191FF23D8232F0010ECE4 /* Model */ = {
			isa = PBXGroup;
			children = (
				FA81921323D9F38A0010ECE4 /* Car.h */,
				FA81921423D9F38A0010ECE4 /* Car.m */,
				FA8191FC23D81AD40010ECE4 /* Brand.h */,
				FA8191FD23D81AD40010ECE4 /* Brand.m */,
			);
			path = Model;
			sourceTree = "<group>";
		};
		FA81920D23D84EAE0010ECE4 /* View */ = {
			isa = PBXGroup;
			children = (
				FA81920623D835FF0010ECE4 /* AutoTableViewCell.h */,
				FA81920723D835FF0010ECE4 /* AutoTableViewCell.m */,
				FAACE28E23DA37090002B9BB /* CellsHeaderView.h */,
				FAACE28F23DA37090002B9BB /* CellsHeaderView.m */,
				FAACE29223DA3E2C0002B9BB /* CellsHeaderView.xib */,
			);
			path = View;
			sourceTree = "<group>";
		};
		FA81920E23D84EB80010ECE4 /* Controller */ = {
			isa = PBXGroup;
			children = (
				FA81920323D82E340010ECE4 /* MainViewController.h */,
				FA81920423D82E340010ECE4 /* MainViewController.m */,
			);
			path = Controller;
			sourceTree = "<group>";
		};
		FA81920F23D84EC00010ECE4 /* Services */ = {
			isa = PBXGroup;
			children = (
				FA81920923D84E930010ECE4 /* Networking.h */,
				FA81920A23D84E930010ECE4 /* Networking.m */,
			);
			path = Services;
			sourceTree = "<group>";
		};
		FA81921023D87CF70010ECE4 /* Categories */ = {
			isa = PBXGroup;
			children = (
				FA81921123D87D000010ECE4 /* UIViewController+Utils.h */,
				FA81921223D87D000010ECE4 /* UIViewController+Utils.m */,
				FA81921623DA0B500010ECE4 /* NSArray+Utils.h */,
				FA81921723DA0B500010ECE4 /* NSArray+Utils.m */,
			);
			path = Categories;
			sourceTree = "<group>";
		};
/* End PBXGroup section */

/* Begin PBXNativeTarget section */
		FA8191DF23D795820010ECE4 /* Automobiles(ObjC) */ = {
			isa = PBXNativeTarget;
			buildConfigurationList = FA8191F923D795840010ECE4 /* Build configuration list for PBXNativeTarget "Automobiles(ObjC)" */;
			buildPhases = (
				391FFE12C85707FCF3C1211B /* [CP] Check Pods Manifest.lock */,
				FA8191DC23D795820010ECE4 /* Sources */,
				FA8191DD23D795820010ECE4 /* Frameworks */,
				FA8191DE23D795820010ECE4 /* Resources */,
				D95D6FD3F3C396D6F34D7F34 /* [CP] Embed Pods Frameworks */,
			);
			buildRules = (
			);
			dependencies = (
			);
			name = "Automobiles(ObjC)";
			productName = "Automobiles(ObjC)";
			productReference = FA8191E023D795820010ECE4 /* Automobiles(ObjC).app */;
			productType = "com.apple.product-type.application";
		};
/* End PBXNativeTarget section */

/* Begin PBXProject section */
		FA8191D823D795820010ECE4 /* Project object */ = {
			isa = PBXProject;
			attributes = {
				LastUpgradeCheck = 1130;
				ORGANIZATIONNAME = "Valentin Shapovalov";
				TargetAttributes = {
					FA8191DF23D795820010ECE4 = {
						CreatedOnToolsVersion = 11.3;
					};
				};
			};
			buildConfigurationList = FA8191DB23D795820010ECE4 /* Build configuration list for PBXProject "Automobiles(ObjC)" */;
			compatibilityVersion = "Xcode 9.3";
			developmentRegion = en;
			hasScannedForEncodings = 0;
			knownRegions = (
				en,
				Base,
			);
			mainGroup = FA8191D723D795820010ECE4;
			productRefGroup = FA8191E123D795820010ECE4 /* Products */;
			projectDirPath = "";
			projectRoot = "";
			targets = (
				FA8191DF23D795820010ECE4 /* Automobiles(ObjC) */,
			);
		};
/* End PBXProject section */

/* Begin PBXResourcesBuildPhase section */
		FA8191DE23D795820010ECE4 /* Resources */ = {
			isa = PBXResourcesBuildPhase;
			buildActionMask = 2147483647;
			files = (
				FA8191F323D795840010ECE4 /* LaunchScreen.storyboard in Resources */,
				FA8191F023D795840010ECE4 /* Assets.xcassets in Resources */,
				FA8191EE23D795820010ECE4 /* Main.storyboard in Resources */,
				FAACE29323DA3E2C0002B9BB /* CellsHeaderView.xib in Resources */,
			);
			runOnlyForDeploymentPostprocessing = 0;
		};
/* End PBXResourcesBuildPhase section */

/* Begin PBXShellScriptBuildPhase section */
		391FFE12C85707FCF3C1211B /* [CP] Check Pods Manifest.lock */ = {
			isa = PBXShellScriptBuildPhase;
			buildActionMask = 2147483647;
			files = (
			);
			inputFileListPaths = (
			);
			inputPaths = (
				"${PODS_PODFILE_DIR_PATH}/Podfile.lock",
				"${PODS_ROOT}/Manifest.lock",
			);
			name = "[CP] Check Pods Manifest.lock";
			outputFileListPaths = (
			);
			outputPaths = (
				"$(DERIVED_FILE_DIR)/Pods-Automobiles(ObjC)-checkManifestLockResult.txt",
			);
			runOnlyForDeploymentPostprocessing = 0;
			shellPath = /bin/sh;
			shellScript = "diff \"${PODS_PODFILE_DIR_PATH}/Podfile.lock\" \"${PODS_ROOT}/Manifest.lock\" > /dev/null\nif [ $? != 0 ] ; then\n    # print error to STDERR\n    echo \"error: The sandbox is not in sync with the Podfile.lock. Run 'pod install' or update your CocoaPods installation.\" >&2\n    exit 1\nfi\n# This output is used by Xcode 'outputs' to avoid re-running this script phase.\necho \"SUCCESS\" > \"${SCRIPT_OUTPUT_FILE_0}\"\n";
			showEnvVarsInLog = 0;
		};
		D95D6FD3F3C396D6F34D7F34 /* [CP] Embed Pods Frameworks */ = {
			isa = PBXShellScriptBuildPhase;
			buildActionMask = 2147483647;
			files = (
			);
			inputFileListPaths = (
				"${PODS_ROOT}/Target Support Files/Pods-Automobiles(ObjC)/Pods-Automobiles(ObjC)-frameworks-${CONFIGURATION}-input-files.xcfilelist",
			);
			name = "[CP] Embed Pods Frameworks";
			outputFileListPaths = (
				"${PODS_ROOT}/Target Support Files/Pods-Automobiles(ObjC)/Pods-Automobiles(ObjC)-frameworks-${CONFIGURATION}-output-files.xcfilelist",
			);
			runOnlyForDeploymentPostprocessing = 0;
			shellPath = /bin/sh;
			shellScript = "\"${PODS_ROOT}/Target Support Files/Pods-Automobiles(ObjC)/Pods-Automobiles(ObjC)-frameworks.sh\"\n";
			showEnvVarsInLog = 0;
		};
/* End PBXShellScriptBuildPhase section */

/* Begin PBXSourcesBuildPhase section */
		FA8191DC23D795820010ECE4 /* Sources */ = {
			isa = PBXSourcesBuildPhase;
			buildActionMask = 2147483647;
			files = (
				FA81920823D835FF0010ECE4 /* AutoTableViewCell.m in Sources */,
				FA8191FE23D81AD40010ECE4 /* Brand.m in Sources */,
				FA81921823DA0B500010ECE4 /* NSArray+Utils.m in Sources */,
				FA8191E523D795820010ECE4 /* AppDelegate.m in Sources */,
				FA81920B23D84E930010ECE4 /* Networking.m in Sources */,
				FA8191F623D795840010ECE4 /* main.m in Sources */,
				FA81920523D82E340010ECE4 /* MainViewController.m in Sources */,
				FA81921523D9F38A0010ECE4 /* Car.m in Sources */,
				FA8191E823D795820010ECE4 /* SceneDelegate.m in Sources */,
				FAACE29023DA37090002B9BB /* CellsHeaderView.m in Sources */,
			);
			runOnlyForDeploymentPostprocessing = 0;
		};
/* End PBXSourcesBuildPhase section */

/* Begin PBXVariantGroup section */
		FA8191EC23D795820010ECE4 /* Main.storyboard */ = {
			isa = PBXVariantGroup;
			children = (
				FA8191ED23D795820010ECE4 /* Base */,
			);
			name = Main.storyboard;
			sourceTree = "<group>";
		};
		FA8191F123D795840010ECE4 /* LaunchScreen.storyboard */ = {
			isa = PBXVariantGroup;
			children = (
				FA8191F223D795840010ECE4 /* Base */,
			);
			name = LaunchScreen.storyboard;
			sourceTree = "<group>";
		};
/* End PBXVariantGroup section */

/* Begin XCBuildConfiguration section */
		FA8191F723D795840010ECE4 /* Debug */ = {
			isa = XCBuildConfiguration;
			buildSettings = {
				ALWAYS_SEARCH_USER_PATHS = NO;
				CLANG_ANALYZER_NONNULL = YES;
				CLANG_ANALYZER_NUMBER_OBJECT_CONVERSION = YES_AGGRESSIVE;
				CLANG_CXX_LANGUAGE_STANDARD = "gnu++14";
				CLANG_CXX_LIBRARY = "libc++";
				CLANG_ENABLE_MODULES = YES;
				CLANG_ENABLE_OBJC_ARC = YES;
				CLANG_ENABLE_OBJC_WEAK = YES;
				CLANG_WARN_BLOCK_CAPTURE_AUTORELEASING = YES;
				CLANG_WARN_BOOL_CONVERSION = YES;
				CLANG_WARN_COMMA = YES;
				CLANG_WARN_CONSTANT_CONVERSION = YES;
				CLANG_WARN_DEPRECATED_OBJC_IMPLEMENTATIONS = YES;
				CLANG_WARN_DIRECT_OBJC_ISA_USAGE = YES_ERROR;
				CLANG_WARN_DOCUMENTATION_COMMENTS = YES;
				CLANG_WARN_EMPTY_BODY = YES;
				CLANG_WARN_ENUM_CONVERSION = YES;
				CLANG_WARN_INFINITE_RECURSION = YES;
				CLANG_WARN_INT_CONVERSION = YES;
				CLANG_WARN_NON_LITERAL_NULL_CONVERSION = YES;
				CLANG_WARN_OBJC_IMPLICIT_RETAIN_SELF = YES;
				CLANG_WARN_OBJC_LITERAL_CONVERSION = YES;
				CLANG_WARN_OBJC_ROOT_CLASS = YES_ERROR;
				CLANG_WARN_RANGE_LOOP_ANALYSIS = YES;
				CLANG_WARN_STRICT_PROTOTYPES = YES;
				CLANG_WARN_SUSPICIOUS_MOVE = YES;
				CLANG_WARN_UNGUARDED_AVAILABILITY = YES_AGGRESSIVE;
				CLANG_WARN_UNREACHABLE_CODE = YES;
				CLANG_WARN__DUPLICATE_METHOD_MATCH = YES;
				COPY_PHASE_STRIP = NO;
				DEBUG_INFORMATION_FORMAT = dwarf;
				ENABLE_STRICT_OBJC_MSGSEND = YES;
				ENABLE_TESTABILITY = YES;
				GCC_C_LANGUAGE_STANDARD = gnu11;
				GCC_DYNAMIC_NO_PIC = NO;
				GCC_NO_COMMON_BLOCKS = YES;
				GCC_OPTIMIZATION_LEVEL = 0;
				GCC_PREPROCESSOR_DEFINITIONS = (
					"DEBUG=1",
					"$(inherited)",
				);
				GCC_WARN_64_TO_32_BIT_CONVERSION = YES;
				GCC_WARN_ABOUT_RETURN_TYPE = YES_ERROR;
				GCC_WARN_UNDECLARED_SELECTOR = YES;
				GCC_WARN_UNINITIALIZED_AUTOS = YES_AGGRESSIVE;
				GCC_WARN_UNUSED_FUNCTION = YES;
				GCC_WARN_UNUSED_VARIABLE = YES;
				IPHONEOS_DEPLOYMENT_TARGET = 13.2;
				MTL_ENABLE_DEBUG_INFO = INCLUDE_SOURCE;
				MTL_FAST_MATH = YES;
				ONLY_ACTIVE_ARCH = YES;
				SDKROOT = iphoneos;
			};
			name = Debug;
		};
		FA8191F823D795840010ECE4 /* Release */ = {
			isa = XCBuildConfiguration;
			buildSettings = {
				ALWAYS_SEARCH_USER_PATHS = NO;
				CLANG_ANALYZER_NONNULL = YES;
				CLANG_ANALYZER_NUMBER_OBJECT_CONVERSION = YES_AGGRESSIVE;
				CLANG_CXX_LANGUAGE_STANDARD = "gnu++14";
				CLANG_CXX_LIBRARY = "libc++";
				CLANG_ENABLE_MODULES = YES;
				CLANG_ENABLE_OBJC_ARC = YES;
				CLANG_ENABLE_OBJC_WEAK = YES;
				CLANG_WARN_BLOCK_CAPTURE_AUTORELEASING = YES;
				CLANG_WARN_BOOL_CONVERSION = YES;
				CLANG_WARN_COMMA = YES;
				CLANG_WARN_CONSTANT_CONVERSION = YES;
				CLANG_WARN_DEPRECATED_OBJC_IMPLEMENTATIONS = YES;
				CLANG_WARN_DIRECT_OBJC_ISA_USAGE = YES_ERROR;
				CLANG_WARN_DOCUMENTATION_COMMENTS = YES;
				CLANG_WARN_EMPTY_BODY = YES;
				CLANG_WARN_ENUM_CONVERSION = YES;
				CLANG_WARN_INFINITE_RECURSION = YES;
				CLANG_WARN_INT_CONVERSION = YES;
				CLANG_WARN_NON_LITERAL_NULL_CONVERSION = YES;
				CLANG_WARN_OBJC_IMPLICIT_RETAIN_SELF = YES;
				CLANG_WARN_OBJC_LITERAL_CONVERSION = YES;
				CLANG_WARN_OBJC_ROOT_CLASS = YES_ERROR;
				CLANG_WARN_RANGE_LOOP_ANALYSIS = YES;
				CLANG_WARN_STRICT_PROTOTYPES = YES;
				CLANG_WARN_SUSPICIOUS_MOVE = YES;
				CLANG_WARN_UNGUARDED_AVAILABILITY = YES_AGGRESSIVE;
				CLANG_WARN_UNREACHABLE_CODE = YES;
				CLANG_WARN__DUPLICATE_METHOD_MATCH = YES;
				COPY_PHASE_STRIP = NO;
				DEBUG_INFORMATION_FORMAT = "dwarf-with-dsym";
				ENABLE_NS_ASSERTIONS = NO;
				ENABLE_STRICT_OBJC_MSGSEND = YES;
				GCC_C_LANGUAGE_STANDARD = gnu11;
				GCC_NO_COMMON_BLOCKS = YES;
				GCC_WARN_64_TO_32_BIT_CONVERSION = YES;
				GCC_WARN_ABOUT_RETURN_TYPE = YES_ERROR;
				GCC_WARN_UNDECLARED_SELECTOR = YES;
				GCC_WARN_UNINITIALIZED_AUTOS = YES_AGGRESSIVE;
				GCC_WARN_UNUSED_FUNCTION = YES;
				GCC_WARN_UNUSED_VARIABLE = YES;
				IPHONEOS_DEPLOYMENT_TARGET = 13.2;
				MTL_ENABLE_DEBUG_INFO = NO;
				MTL_FAST_MATH = YES;
				SDKROOT = iphoneos;
				VALIDATE_PRODUCT = YES;
			};
			name = Release;
		};
		FA8191FA23D795840010ECE4 /* Debug */ = {
			isa = XCBuildConfiguration;
			baseConfigurationReference = 748405DC809610953EA5A994 /* Pods-Automobiles(ObjC).debug.xcconfig */;
			buildSettings = {
				ASSETCATALOG_COMPILER_APPICON_NAME = AppIcon;
				CODE_SIGN_STYLE = Automatic;
				DEVELOPMENT_TEAM = AGN42K77RS;
				INFOPLIST_FILE = "Automobiles(ObjC)/Info.plist";
				LD_RUNPATH_SEARCH_PATHS = (
					"$(inherited)",
					"@executable_path/Frameworks",
				);
				PRODUCT_BUNDLE_IDENTIFIER = "com.apovalov.Automobiles-ObjC-";
				PRODUCT_NAME = "$(TARGET_NAME)";
				TARGETED_DEVICE_FAMILY = "1,2";
			};
			name = Debug;
		};
		FA8191FB23D795840010ECE4 /* Release */ = {
			isa = XCBuildConfiguration;
			baseConfigurationReference = 0C070B78F10B0BE61122E547 /* Pods-Automobiles(ObjC).release.xcconfig */;
			buildSettings = {
				ASSETCATALOG_COMPILER_APPICON_NAME = AppIcon;
				CODE_SIGN_STYLE = Automatic;
				DEVELOPMENT_TEAM = AGN42K77RS;
				INFOPLIST_FILE = "Automobiles(ObjC)/Info.plist";
				LD_RUNPATH_SEARCH_PATHS = (
					"$(inherited)",
					"@executable_path/Frameworks",
				);
				PRODUCT_BUNDLE_IDENTIFIER = "com.apovalov.Automobiles-ObjC-";
				PRODUCT_NAME = "$(TARGET_NAME)";
				TARGETED_DEVICE_FAMILY = "1,2";
			};
			name = Release;
		};
/* End XCBuildConfiguration section */

/* Begin XCConfigurationList section */
		FA8191DB23D795820010ECE4 /* Build configuration list for PBXProject "Automobiles(ObjC)" */ = {
			isa = XCConfigurationList;
			buildConfigurations = (
				FA8191F723D795840010ECE4 /* Debug */,
				FA8191F823D795840010ECE4 /* Release */,
			);
			defaultConfigurationIsVisible = 0;
			defaultConfigurationName = Release;
		};
		FA8191F923D795840010ECE4 /* Build configuration list for PBXNativeTarget "Automobiles(ObjC)" */ = {
			isa = XCConfigurationList;
			buildConfigurations = (
				FA8191FA23D795840010ECE4 /* Debug */,
				FA8191FB23D795840010ECE4 /* Release */,
			);
			defaultConfigurationIsVisible = 0;
			defaultConfigurationName = Release;
		};
/* End XCConfigurationList section */
	};
	rootObject = FA8191D823D795820010ECE4 /* Project object */;
}
